
Microsoft Visual Studio Solution File, Format Version 12.00
# Visual Studio Version 17
VisualStudioVersion = 17.9.34616.47
MinimumVisualStudioVersion = 10.0.40219.1
Project("{FAE04EC0-301F-11D3-BF4B-00C04F79EFBC}") = "TamagochiCatGame", "TamagochiCatGame\TamagochiCatGame.csproj", "{67E736E9-BFFD-417D-A31E-25D01AF9A900}"
EndProject
Global
	GlobalSection(SolutionConfigurationPlatforms) = preSolution
		Debug|Any CPU = Debug|Any CPU
		Release|Any CPU = Release|Any CPU
	EndGlobalSection
	GlobalSection(ProjectConfigurationPlatforms) = postSolution
		{67E736E9-BFFD-417D-A31E-25D01AF9A900}.Debug|Any CPU.ActiveCfg = Debug|Any CPU
		{67E736E9-BFFD-417D-A31E-25D01AF9A900}.Debug|Any CPU.Build.0 = Debug|Any CPU
		{67E736E9-BFFD-417D-A31E-25D01AF9A900}.Release|Any CPU.ActiveCfg = Release|Any CPU
		{67E736E9-BFFD-417D-A31E-25D01AF9A900}.Release|Any CPU.Build.0 = Release|Any CPU
	EndGlobalSection
	GlobalSection(SolutionProperties) = preSolution
		HideSolutionNode = FALSE
	EndGlobalSection
	GlobalSection(ExtensibilityGlobals) = postSolution
		SolutionGuid = {C2094CC4-F044-4E15-A133-DFED4512A9F1}
	EndGlobalSection
EndGlobal
